
Microsoft Visual Studio Solution File, Format Version 12.00
# Visual Studio Version 17
VisualStudioVersion = 17.10.34928.147
MinimumVisualStudioVersion = 10.0.40219.1
Project("{FAE04EC0-301F-11D3-BF4B-00C04F79EFBC}") = "AracKiralama", "AracKiralama\AracKiralama.csproj", "{3065398E-3670-4C63-B6BC-77E0B7FA678A}"
EndProject
Global
	GlobalSection(SolutionConfigurationPlatforms) = preSolution
		Debug|Any CPU = Debug|Any CPU
		Release|Any CPU = Release|Any CPU
	EndGlobalSection
	GlobalSection(ProjectConfigurationPlatforms) = postSolution
		{3065398E-3670-4C63-B6BC-77E0B7FA678A}.Debug|Any CPU.ActiveCfg = Debug|Any CPU
		{3065398E-3670-4C63-B6BC-77E0B7FA678A}.Debug|Any CPU.Build.0 = Debug|Any CPU
		{3065398E-3670-4C63-B6BC-77E0B7FA678A}.Release|Any CPU.ActiveCfg = Release|Any CPU
		{3065398E-3670-4C63-B6BC-77E0B7FA678A}.Release|Any CPU.Build.0 = Release|Any CPU
	EndGlobalSection
	GlobalSection(SolutionProperties) = preSolution
		HideSolutionNode = FALSE
	EndGlobalSection
	GlobalSection(ExtensibilityGlobals) = postSolution
		SolutionGuid = {8DB37649-19BD-46E0-8C65-D36D6D8095F9}
	EndGlobalSection
EndGlobal
